
Microsoft Visual Studio Solution File, Format Version 10.00
# Visual Studio 2008
Project("{FAE04EC0-301F-11D3-BF4B-00C04F79EFBC}") = "iStatsDev", "iStatsDev\iStatsDev.csproj", "{4DDD7E3E-99D1-48EB-8883-6B49F0917E28}"
EndProject
Project("{FAE04EC0-301F-11D3-BF4B-00C04F79EFBC}") = "iStatsDev.Web", "iStatsDev.Web\iStatsDev.Web.csproj", "{32FA7764-9FDF-421D-9ECA-F6CF5B10B2BF}"
EndProject
Global
	GlobalSection(SolutionConfigurationPlatforms) = preSolution
		Debug|Any CPU = Debug|Any CPU
		Release|Any CPU = Release|Any CPU
	EndGlobalSection
	GlobalSection(ProjectConfigurationPlatforms) = postSolution
		{4DDD7E3E-99D1-48EB-8883-6B49F0917E28}.Debug|Any CPU.ActiveCfg = Debug|Any CPU
		{4DDD7E3E-99D1-48EB-8883-6B49F0917E28}.Debug|Any CPU.Build.0 = Debug|Any CPU
		{4DDD7E3E-99D1-48EB-8883-6B49F0917E28}.Release|Any CPU.ActiveCfg = Release|Any CPU
		{4DDD7E3E-99D1-48EB-8883-6B49F0917E28}.Release|Any CPU.Build.0 = Release|Any CPU
		{32FA7764-9FDF-421D-9ECA-F6CF5B10B2BF}.Debug|Any CPU.ActiveCfg = Debug|Any CPU
		{32FA7764-9FDF-421D-9ECA-F6CF5B10B2BF}.Debug|Any CPU.Build.0 = Debug|Any CPU
		{32FA7764-9FDF-421D-9ECA-F6CF5B10B2BF}.Release|Any CPU.ActiveCfg = Release|Any CPU
		{32FA7764-9FDF-421D-9ECA-F6CF5B10B2BF}.Release|Any CPU.Build.0 = Release|Any CPU
	EndGlobalSection
	GlobalSection(SolutionProperties) = preSolution
		HideSolutionNode = FALSE
	EndGlobalSection
EndGlobal
