
Microsoft Visual Studio Solution File, Format Version 10.00
# Visual Studio 2008
Project("{E24C65DC-7377-472B-9ABA-BC803B73C61A}") = "EdsTestDevSite", "EdsTestDevSite\", "{F2277E25-A973-4735-BB49-867A6CDFA9F5}"
	ProjectSection(WebsiteProperties) = preProject
		TargetFramework = "3.5"
		Debug.AspNetCompiler.VirtualPath = "/EdsTestDevSite"
		Debug.AspNetCompiler.PhysicalPath = "EdsTestDevSite\"
		Debug.AspNetCompiler.TargetPath = "PrecompiledWeb\EdsTestDevSite\"
		Debug.AspNetCompiler.Updateable = "true"
		Debug.AspNetCompiler.ForceOverwrite = "true"
		Debug.AspNetCompiler.FixedNames = "false"
		Debug.AspNetCompiler.Debug = "True"
		Release.AspNetCompiler.VirtualPath = "/EdsTestDevSite"
		Release.AspNetCompiler.PhysicalPath = "EdsTestDevSite\"
		Release.AspNetCompiler.TargetPath = "PrecompiledWeb\EdsTestDevSite\"
		Release.AspNetCompiler.Updateable = "true"
		Release.AspNetCompiler.ForceOverwrite = "true"
		Release.AspNetCompiler.FixedNames = "false"
		Release.AspNetCompiler.Debug = "False"
		VWDPort = "59380"
		ProjOutputReferences = "{8e451e9e-eb2d-429a-b84c-642383636539}|ClientBin|false;"
	EndProjectSection
EndProject
Project("{FAE04EC0-301F-11D3-BF4B-00C04F79EFBC}") = "EdsTestDev", "EdsTestDev\EdsTestDev.csproj", "{8E451E9E-EB2D-429A-B84C-642383636539}"
EndProject
Global
	GlobalSection(SolutionConfigurationPlatforms) = preSolution
		Debug|Any CPU = Debug|Any CPU
		Release|Any CPU = Release|Any CPU
	EndGlobalSection
	GlobalSection(ProjectConfigurationPlatforms) = postSolution
		{F2277E25-A973-4735-BB49-867A6CDFA9F5}.Debug|Any CPU.ActiveCfg = Debug|Any CPU
		{F2277E25-A973-4735-BB49-867A6CDFA9F5}.Debug|Any CPU.Build.0 = Debug|Any CPU
		{F2277E25-A973-4735-BB49-867A6CDFA9F5}.Release|Any CPU.ActiveCfg = Release|Any CPU
		{F2277E25-A973-4735-BB49-867A6CDFA9F5}.Release|Any CPU.Build.0 = Release|Any CPU
		{8E451E9E-EB2D-429A-B84C-642383636539}.Debug|Any CPU.ActiveCfg = Debug|Any CPU
		{8E451E9E-EB2D-429A-B84C-642383636539}.Debug|Any CPU.Build.0 = Debug|Any CPU
		{8E451E9E-EB2D-429A-B84C-642383636539}.Release|Any CPU.ActiveCfg = Release|Any CPU
		{8E451E9E-EB2D-429A-B84C-642383636539}.Release|Any CPU.Build.0 = Release|Any CPU
	EndGlobalSection
	GlobalSection(SolutionProperties) = preSolution
		HideSolutionNode = FALSE
	EndGlobalSection
EndGlobal
