
Microsoft Visual Studio Solution File, Format Version 10.00
# Visual Studio 2008
Project("{FAE04EC0-301F-11D3-BF4B-00C04F79EFBC}") = "InteractiveStats", "InteractiveStats\InteractiveStats.csproj", "{B620584B-A1B2-4AEF-8629-08038CC983FA}"
EndProject
Project("{FAE04EC0-301F-11D3-BF4B-00C04F79EFBC}") = "InteractiveStats.Web", "InteractiveStats.Web\InteractiveStats.Web.csproj", "{11A096E8-8BD5-4355-960B-12E58929D544}"
EndProject
Global
	GlobalSection(SolutionConfigurationPlatforms) = preSolution
		Debug|Any CPU = Debug|Any CPU
		Release|Any CPU = Release|Any CPU
	EndGlobalSection
	GlobalSection(ProjectConfigurationPlatforms) = postSolution
		{B620584B-A1B2-4AEF-8629-08038CC983FA}.Debug|Any CPU.ActiveCfg = Debug|Any CPU
		{B620584B-A1B2-4AEF-8629-08038CC983FA}.Debug|Any CPU.Build.0 = Debug|Any CPU
		{B620584B-A1B2-4AEF-8629-08038CC983FA}.Release|Any CPU.ActiveCfg = Release|Any CPU
		{B620584B-A1B2-4AEF-8629-08038CC983FA}.Release|Any CPU.Build.0 = Release|Any CPU
		{11A096E8-8BD5-4355-960B-12E58929D544}.Debug|Any CPU.ActiveCfg = Debug|Any CPU
		{11A096E8-8BD5-4355-960B-12E58929D544}.Debug|Any CPU.Build.0 = Debug|Any CPU
		{11A096E8-8BD5-4355-960B-12E58929D544}.Release|Any CPU.ActiveCfg = Release|Any CPU
		{11A096E8-8BD5-4355-960B-12E58929D544}.Release|Any CPU.Build.0 = Release|Any CPU
	EndGlobalSection
	GlobalSection(SolutionProperties) = preSolution
		HideSolutionNode = FALSE
	EndGlobalSection
EndGlobal
